{
  "name": "js",
  "version": "1.0.0",
  "lockfileVersion": 3,
  "requires": true,
  "packages": {
    "": {
      "name": "js",
      "version": "1.0.0",
      "license": "ISC",
      "dependencies": {
        "@hono/node-server": "^1.19.17",
        "@hono/node-ws": "^1.3.1",
        "hono": "^4.12.32",
        "redis": "^6.1.0",
        "ws": "^8.21.1"
      }
    },
    "node_modules/@hono/node-server": {
      "version": "1.19.17",
      "resolved": "https://registry.npmjs.org/@hono/node-server/-/node-server-1.19.17.tgz",
      "integrity": "sha512-dSneS5qhiauZWGDCeK4o695Xd9nUNjviSZCMQrj10eetr8Uln1ucn6bbphOM6UynAMMtNIzZNSpL9vnASJwrPQ==",
      "license": "MIT",
      "engines": {
        "node": ">=18.14.1"
      },
      "peerDependencies": {
        "hono": "^4"
      }
    },
    "node_modules/@hono/node-ws": {
      "version": "1.3.1",
      "resolved": "https://registry.npmjs.org/@hono/node-ws/-/node-ws-1.3.1.tgz",
      "integrity": "sha512-vo/MwCnpJAVHBkGzWjCJ28wF45fYHAfbPZcH2rodZODHtch2GHA94KtMfusmVycTUtsLAsaNsHhtY6P8X3RQsA==",
      "license": "MIT",
      "dependencies": {
        "ws": "^8.17.0"
      },
      "engines": {
        "node": ">=18.14.1"
      },
      "peerDependencies": {
        "@hono/node-server": "^1.19.11",
        "hono": "^4.6.0"
      }
    },
    "node_modules/@redis/bloom": {
      "version": "6.1.0",
      "resolved": "https://registry.npmjs.org/@redis/bloom/-/bloom-6.1.0.tgz",
      "integrity": "sha512-Rzascjd9J9bJsM45T/Z9CTg1QY/B63B6YO8QorLVMeXnbBDsKiSCVR/+GQ061hYPk8FpTzWmPY8tAv2sT+JEtQ==",
      "license": "MIT",
      "engines": {
        "node": ">= 20.0.0"
      },
      "peerDependencies": {
        "@redis/client": "^6.1.0"
      }
    },
    "node_modules/@redis/client": {
      "version": "6.1.0",
      "resolved": "https://registry.npmjs.org/@redis/client/-/client-6.1.0.tgz",
      "integrity": "sha512-7u1LefkezJF0HESlhO7ZFLEPfyY+NejP3SGv+Z4pGaT3oM5GVVLa0u3f4rDLUrcw+SRo8IlX9Y8JAONeDdg1Ag==",
      "license": "MIT",
      "dependencies": {
        "cluster-key-slot": "1.1.2"
      },
      "engines": {
        "node": ">= 20.0.0"
      },
      "peerDependencies": {
        "@node-rs/xxhash": "^1.1.0",
        "@opentelemetry/api": ">=1 <2"
      },
      "peerDependenciesMeta": {
        "@node-rs/xxhash": {
          "optional": true
        },
        "@opentelemetry/api": {
          "optional": true
        }
      }
    },
    "node_modules/@redis/json": {
      "version": "6.1.0",
      "resolved": "https://registry.npmjs.org/@redis/json/-/json-6.1.0.tgz",
      "integrity": "sha512-/GFjQA6bu5pG9ClCJAI5Xx4bNXe7UTpxBBlIupBNTrn1+nY860apGnYJuaSCDV2BmEbTidpa7O2qa28oxKx+rg==",
      "license": "MIT",
      "engines": {
        "node": ">= 20.0.0"
      },
      "peerDependencies": {
        "@redis/client": "^6.1.0"
      }
    },
    "node_modules/@redis/search": {
      "version": "6.1.0",
      "resolved": "https://registry.npmjs.org/@redis/search/-/search-6.1.0.tgz",
      "integrity": "sha512-kS5agg+3yZbrdrt8omrew7FLCD8eOm7tarG1CROekPBRe+QGDR9aOpnHIQaYsYi6wPRTH70nQiF06AIjgURefQ==",
      "license": "MIT",
      "engines": {
        "node": ">= 20.0.0"
      },
      "peerDependencies": {
        "@redis/client": "^6.1.0"
      }
    },
    "node_modules/@redis/time-series": {
      "version": "6.1.0",
      "resolved": "https://registry.npmjs.org/@redis/time-series/-/time-series-6.1.0.tgz",
      "integrity": "sha512-uIDBtV8MmG/xpJsRqbGSO4iX6ryj37MLMP82lRpFvI7ykAVe5GyqgxigEbU+uZNv9kDPNMKw3dvI/S/J1BNBzA==",
      "license": "MIT",
      "engines": {
        "node": ">= 20.0.0"
      },
      "peerDependencies": {
        "@redis/client": "^6.1.0"
      }
    },
    "node_modules/cluster-key-slot": {
      "version": "1.1.2",
      "resolved": "https://registry.npmjs.org/cluster-key-slot/-/cluster-key-slot-1.1.2.tgz",
      "integrity": "sha512-RMr0FhtfXemyinomL4hrWcYJxmX6deFdCxpJzhDttxgO1+bcCnkk+9drydLVDmAMG7NE6aN/fl4F7ucU/90gAA==",
      "license": "Apache-2.0",
      "engines": {
        "node": ">=0.10.0"
      }
    },
    "node_modules/hono": {
      "version": "4.12.32",
      "resolved": "https://registry.npmjs.org/hono/-/hono-4.12.32.tgz",
      "integrity": "sha512-XcuyW9qE2kJn07PkecMOBd5Vq/hMy7mmGw+idz1yblbg9N17ijJODrvPkn7/dwL3Kulj8LcRJ69DLOWf91dRUg==",
      "license": "MIT",
      "engines": {
        "node": ">=16.9.0"
      }
    },
    "node_modules/redis": {
      "version": "6.1.0",
      "resolved": "https://registry.npmjs.org/redis/-/redis-6.1.0.tgz",
      "integrity": "sha512-0kvUPM8RHP/ZMa0xYaDTcG5e8tIGW6kz6MToVT0V8iOnk6bkXp2jncGRGe2bZEk41lZwiDspUqjZCSk5ohjcKw==",
      "license": "MIT",
      "dependencies": {
        "@redis/bloom": "6.1.0",
        "@redis/client": "6.1.0",
        "@redis/json": "6.1.0",
        "@redis/search": "6.1.0",
        "@redis/time-series": "6.1.0"
      },
      "engines": {
        "node": ">= 20.0.0"
      }
    },
    "node_modules/ws": {
      "version": "8.21.1",
      "resolved": "https://registry.npmjs.org/ws/-/ws-8.21.1.tgz",
      "integrity": "sha512-+0NTnW77fFN/DjQi6k/Sq/Yvk4Sgajw7urW8V+asjXnRgDs9gyGkdb7EzgfhA4goXsRIZKE28fzIXBHEzhuiWw==",
      "license": "MIT",
      "engines": {
        "node": ">=10.0.0"
      },
      "peerDependencies": {
        "bufferutil": "^4.0.1",
        "utf-8-validate": ">=5.0.2"
      },
      "peerDependenciesMeta": {
        "bufferutil": {
          "optional": true
        },
        "utf-8-validate": {
          "optional": true
        }
      }
    }
  }
}
